
Microsoft Visual Studio Solution File, Format Version 12.00
# Visual Studio Version 17
VisualStudioVersion = 17.8.34330.188
MinimumVisualStudioVersion = 10.0.40219.1
Project("{2150E333-8FDC-42A3-9474-1A3956D46DE8}") = "src", "src", "{E33FF7E7-4F75-419E-8848-8427F1D860CC}"
EndProject
Project("{FAE04EC0-301F-11D3-BF4B-00C04F79EFBC}") = "Auth.Api", "src\Auth.Api\Auth.Api.csproj", "{F8D0A597-12D5-476D-B329-F5AD1C4B1651}"
EndProject
Global
	GlobalSection(SolutionConfigurationPlatforms) = preSolution
		Debug|Any CPU = Debug|Any CPU
		Release|Any CPU = Release|Any CPU
	EndGlobalSection
	GlobalSection(ProjectConfigurationPlatforms) = postSolution
		{F8D0A597-12D5-476D-B329-F5AD1C4B1651}.Debug|Any CPU.ActiveCfg = Debug|Any CPU
		{F8D0A597-12D5-476D-B329-F5AD1C4B1651}.Debug|Any CPU.Build.0 = Debug|Any CPU
		{F8D0A597-12D5-476D-B329-F5AD1C4B1651}.Release|Any CPU.ActiveCfg = Release|Any CPU
		{F8D0A597-12D5-476D-B329-F5AD1C4B1651}.Release|Any CPU.Build.0 = Release|Any CPU
	EndGlobalSection
	GlobalSection(SolutionProperties) = preSolution
		HideSolutionNode = FALSE
	EndGlobalSection
	GlobalSection(NestedProjects) = preSolution
		{F8D0A597-12D5-476D-B329-F5AD1C4B1651} = {E33FF7E7-4F75-419E-8848-8427F1D860CC}
	EndGlobalSection
	GlobalSection(ExtensibilityGlobals) = postSolution
		SolutionGuid = {B1C5B628-66D5-4C88-B35E-EB514908371B}
	EndGlobalSection
EndGlobal
